
Microsoft Visual Studio Solution File, Format Version 12.00
# Visual Studio Version 17
VisualStudioVersion = 17.2.32630.192
MinimumVisualStudioVersion = 10.0.40219.1
Project("{FAE04EC0-301F-11D3-BF4B-00C04F79EFBC}") = "StringBuilderDemo", "StringBuilderDemo\StringBuilderDemo.csproj", "{A97FEE02-2B9A-48C8-98B7-DD7FC7F211D3}"
EndProject
Global
	GlobalSection(SolutionConfigurationPlatforms) = preSolution
		Debug|Any CPU = Debug|Any CPU
		Release|Any CPU = Release|Any CPU
	EndGlobalSection
	GlobalSection(ProjectConfigurationPlatforms) = postSolution
		{A97FEE02-2B9A-48C8-98B7-DD7FC7F211D3}.Debug|Any CPU.ActiveCfg = Debug|Any CPU
		{A97FEE02-2B9A-48C8-98B7-DD7FC7F211D3}.Debug|Any CPU.Build.0 = Debug|Any CPU
		{A97FEE02-2B9A-48C8-98B7-DD7FC7F211D3}.Release|Any CPU.ActiveCfg = Release|Any CPU
		{A97FEE02-2B9A-48C8-98B7-DD7FC7F211D3}.Release|Any CPU.Build.0 = Release|Any CPU
	EndGlobalSection
	GlobalSection(SolutionProperties) = preSolution
		HideSolutionNode = FALSE
	EndGlobalSection
	GlobalSection(ExtensibilityGlobals) = postSolution
		SolutionGuid = {B8B11D3E-C465-416D-A9DF-AC28620DDA5F}
	EndGlobalSection
EndGlobal
